
Microsoft Visual Studio Solution File, Format Version 12.00
# Visual Studio Version 16
VisualStudioVersion = 16.0.29709.97
MinimumVisualStudioVersion = 10.0.40219.1
Project("{9A19103F-16F7-4668-BE54-9A1E7A4F7556}") = "AssemblyStripper", "AssemblyStripper\AssemblyStripper.csproj", "{23ADE4D0-2717-4859-ACA9-E316CE659262}"
EndProject
Project("{9A19103F-16F7-4668-BE54-9A1E7A4F7556}") = "ConsoleStubber", "ConsoleStubber\ConsoleStubber.csproj", "{D42AFA6F-B8F0-43BE-A03B-3991BA2F7D96}"
	ProjectSection(ProjectDependencies) = postProject
		{23ADE4D0-2717-4859-ACA9-E316CE659262} = {23ADE4D0-2717-4859-ACA9-E316CE659262}
	EndProjectSection
EndProject
Project("{2150E333-8FDC-42A3-9474-1A3956D46DE8}") = "Solution Items", "Solution Items", "{0731CC07-2FF0-4862-886B-B83A8CF33503}"
	ProjectSection(SolutionItems) = preProject
		.editorconfig = .editorconfig
	EndProjectSection
EndProject
Global
	GlobalSection(SolutionConfigurationPlatforms) = preSolution
		Debug|Any CPU = Debug|Any CPU
		Release|Any CPU = Release|Any CPU
	EndGlobalSection
	GlobalSection(ProjectConfigurationPlatforms) = postSolution
		{23ADE4D0-2717-4859-ACA9-E316CE659262}.Debug|Any CPU.ActiveCfg = Release|Any CPU
		{23ADE4D0-2717-4859-ACA9-E316CE659262}.Debug|Any CPU.Build.0 = Release|Any CPU
		{23ADE4D0-2717-4859-ACA9-E316CE659262}.Release|Any CPU.ActiveCfg = Release|Any CPU
		{23ADE4D0-2717-4859-ACA9-E316CE659262}.Release|Any CPU.Build.0 = Release|Any CPU
		{D42AFA6F-B8F0-43BE-A03B-3991BA2F7D96}.Debug|Any CPU.ActiveCfg = Release|Any CPU
		{D42AFA6F-B8F0-43BE-A03B-3991BA2F7D96}.Debug|Any CPU.Build.0 = Release|Any CPU
		{D42AFA6F-B8F0-43BE-A03B-3991BA2F7D96}.Release|Any CPU.ActiveCfg = Release|Any CPU
		{D42AFA6F-B8F0-43BE-A03B-3991BA2F7D96}.Release|Any CPU.Build.0 = Release|Any CPU
	EndGlobalSection
	GlobalSection(SolutionProperties) = preSolution
		HideSolutionNode = FALSE
	EndGlobalSection
	GlobalSection(ExtensibilityGlobals) = postSolution
		SolutionGuid = {DD8353EA-D192-4478-8C1F-EFF43032C8F2}
	EndGlobalSection
EndGlobal
